
Microsoft Visual Studio Solution File, Format Version 11.00
# Visual Studio 2010
Project("{FAE04EC0-301F-11D3-BF4B-00C04F79EFBC}") = "Assembly-CSharp-firstpass", "Assembly-CSharp-firstpass.csproj", "{0EEC91C3-9897-9F4C-8AF5-309474ED2514}"
EndProject
Project("{FAE04EC0-301F-11D3-BF4B-00C04F79EFBC}") = "Assembly-CSharp-Editor-firstpass", "Assembly-CSharp-Editor-firstpass.csproj", "{D417A2AF-F34D-4F4D-183D-90BC86C06D5D}"
EndProject
Global
	GlobalSection(SolutionConfigurationPlatforms) = preSolution
		Debug|Any CPU = Debug|Any CPU
		Release|Any CPU = Release|Any CPU
	EndGlobalSection
	GlobalSection(ProjectConfigurationPlatforms) = postSolution
		{0EEC91C3-9897-9F4C-8AF5-309474ED2514}.Debug|Any CPU.ActiveCfg = Debug|Any CPU
		{0EEC91C3-9897-9F4C-8AF5-309474ED2514}.Debug|Any CPU.Build.0 = Debug|Any CPU
		{0EEC91C3-9897-9F4C-8AF5-309474ED2514}.Release|Any CPU.ActiveCfg = Release|Any CPU
		{0EEC91C3-9897-9F4C-8AF5-309474ED2514}.Release|Any CPU.Build.0 = Release|Any CPU
		{D417A2AF-F34D-4F4D-183D-90BC86C06D5D}.Debug|Any CPU.ActiveCfg = Debug|Any CPU
		{D417A2AF-F34D-4F4D-183D-90BC86C06D5D}.Debug|Any CPU.Build.0 = Debug|Any CPU
		{D417A2AF-F34D-4F4D-183D-90BC86C06D5D}.Release|Any CPU.ActiveCfg = Release|Any CPU
		{D417A2AF-F34D-4F4D-183D-90BC86C06D5D}.Release|Any CPU.Build.0 = Release|Any CPU
	EndGlobalSection
	GlobalSection(SolutionProperties) = preSolution
		HideSolutionNode = FALSE
	EndGlobalSection
EndGlobal
